
Microsoft Visual Studio Solution File, Format Version 12.00
# Visual Studio 15
VisualStudioVersion = 15.0.27703.2026
MinimumVisualStudioVersion = 10.0.40219.1
Project("{FAE04EC0-301F-11D3-BF4B-00C04F79EFBC}") = "huellaProto.Android", "huellaProto\huellaProto.Android\huellaProto.Android.csproj", "{35B10C79-9FE4-47AF-842C-A2056A8CCAFC}"
EndProject
Project("{FAE04EC0-301F-11D3-BF4B-00C04F79EFBC}") = "huellaProto.iOS", "huellaProto\huellaProto.iOS\huellaProto.iOS.csproj", "{2CA095E6-6047-4725-81E2-9A3D0D03B9B7}"
EndProject
Project("{FAE04EC0-301F-11D3-BF4B-00C04F79EFBC}") = "huellaProto", "huellaProto\huellaProto\huellaProto.csproj", "{79B2FCF7-5C60-4AE0-8CEB-9797AC014269}"
EndProject
Global
	GlobalSection(SolutionConfigurationPlatforms) = preSolution
		Ad-Hoc|Any CPU = Ad-Hoc|Any CPU
		Ad-Hoc|iPhone = Ad-Hoc|iPhone
		Ad-Hoc|iPhoneSimulator = Ad-Hoc|iPhoneSimulator
		AppStore|Any CPU = AppStore|Any CPU
		AppStore|iPhone = AppStore|iPhone
		AppStore|iPhoneSimulator = AppStore|iPhoneSimulator
		Debug|Any CPU = Debug|Any CPU
		Debug|iPhone = Debug|iPhone
		Debug|iPhoneSimulator = Debug|iPhoneSimulator
		Release|Any CPU = Release|Any CPU
		Release|iPhone = Release|iPhone
		Release|iPhoneSimulator = Release|iPhoneSimulator
	EndGlobalSection
	GlobalSection(ProjectConfigurationPlatforms) = postSolution
		{35B10C79-9FE4-47AF-842C-A2056A8CCAFC}.Ad-Hoc|Any CPU.ActiveCfg = Release|Any CPU
		{35B10C79-9FE4-47AF-842C-A2056A8CCAFC}.Ad-Hoc|Any CPU.Build.0 = Release|Any CPU
		{35B10C79-9FE4-47AF-842C-A2056A8CCAFC}.Ad-Hoc|Any CPU.Deploy.0 = Release|Any CPU
		{35B10C79-9FE4-47AF-842C-A2056A8CCAFC}.Ad-Hoc|iPhone.ActiveCfg = Release|Any CPU
		{35B10C79-9FE4-47AF-842C-A2056A8CCAFC}.Ad-Hoc|iPhone.Build.0 = Release|Any CPU
		{35B10C79-9FE4-47AF-842C-A2056A8CCAFC}.Ad-Hoc|iPhone.Deploy.0 = Release|Any CPU
		{35B10C79-9FE4-47AF-842C-A2056A8CCAFC}.Ad-Hoc|iPhoneSimulator.ActiveCfg = Release|Any CPU
		{35B10C79-9FE4-47AF-842C-A2056A8CCAFC}.Ad-Hoc|iPhoneSimulator.Build.0 = Release|Any CPU
		{35B10C79-9FE4-47AF-842C-A2056A8CCAFC}.Ad-Hoc|iPhoneSimulator.Deploy.0 = Release|Any CPU
		{35B10C79-9FE4-47AF-842C-A2056A8CCAFC}.AppStore|Any CPU.ActiveCfg = Release|Any CPU
		{35B10C79-9FE4-47AF-842C-A2056A8CCAFC}.AppStore|Any CPU.Build.0 = Release|Any CPU
		{35B10C79-9FE4-47AF-842C-A2056A8CCAFC}.AppStore|Any CPU.Deploy.0 = Release|Any CPU
		{35B10C79-9FE4-47AF-842C-A2056A8CCAFC}.AppStore|iPhone.ActiveCfg = Release|Any CPU
		{35B10C79-9FE4-47AF-842C-A2056A8CCAFC}.AppStore|iPhone.Build.0 = Release|Any CPU
		{35B10C79-9FE4-47AF-842C-A2056A8CCAFC}.AppStore|iPhone.Deploy.0 = Release|Any CPU
		{35B10C79-9FE4-47AF-842C-A2056A8CCAFC}.AppStore|iPhoneSimulator.ActiveCfg = Release|Any CPU
		{35B10C79-9FE4-47AF-842C-A2056A8CCAFC}.AppStore|iPhoneSimulator.Build.0 = Release|Any CPU
		{35B10C79-9FE4-47AF-842C-A2056A8CCAFC}.AppStore|iPhoneSimulator.Deploy.0 = Release|Any CPU
		{35B10C79-9FE4-47AF-842C-A2056A8CCAFC}.Debug|Any CPU.ActiveCfg = Debug|Any CPU
		{35B10C79-9FE4-47AF-842C-A2056A8CCAFC}.Debug|Any CPU.Build.0 = Debug|Any CPU
		{35B10C79-9FE4-47AF-842C-A2056A8CCAFC}.Debug|Any CPU.Deploy.0 = Debug|Any CPU
		{35B10C79-9FE4-47AF-842C-A2056A8CCAFC}.Debug|iPhone.ActiveCfg = Debug|Any CPU
		{35B10C79-9FE4-47AF-842C-A2056A8CCAFC}.Debug|iPhone.Build.0 = Debug|Any CPU
		{35B10C79-9FE4-47AF-842C-A2056A8CCAFC}.Debug|iPhone.Deploy.0 = Debug|Any CPU
		{35B10C79-9FE4-47AF-842C-A2056A8CCAFC}.Debug|iPhoneSimulator.ActiveCfg = Debug|Any CPU
		{35B10C79-9FE4-47AF-842C-A2056A8CCAFC}.Debug|iPhoneSimulator.Build.0 = Debug|Any CPU
		{35B10C79-9FE4-47AF-842C-A2056A8CCAFC}.Debug|iPhoneSimulator.Deploy.0 = Debug|Any CPU
		{35B10C79-9FE4-47AF-842C-A2056A8CCAFC}.Release|Any CPU.ActiveCfg = Release|Any CPU
		{35B10C79-9FE4-47AF-842C-A2056A8CCAFC}.Release|Any CPU.Build.0 = Release|Any CPU
		{35B10C79-9FE4-47AF-842C-A2056A8CCAFC}.Release|Any CPU.Deploy.0 = Release|Any CPU
		{35B10C79-9FE4-47AF-842C-A2056A8CCAFC}.Release|iPhone.ActiveCfg = Release|Any CPU
		{35B10C79-9FE4-47AF-842C-A2056A8CCAFC}.Release|iPhone.Build.0 = Release|Any CPU
		{35B10C79-9FE4-47AF-842C-A2056A8CCAFC}.Release|iPhone.Deploy.0 = Release|Any CPU
		{35B10C79-9FE4-47AF-842C-A2056A8CCAFC}.Release|iPhoneSimulator.ActiveCfg = Release|Any CPU
		{35B10C79-9FE4-47AF-842C-A2056A8CCAFC}.Release|iPhoneSimulator.Build.0 = Release|Any CPU
		{35B10C79-9FE4-47AF-842C-A2056A8CCAFC}.Release|iPhoneSimulator.Deploy.0 = Release|Any CPU
		{2CA095E6-6047-4725-81E2-9A3D0D03B9B7}.Ad-Hoc|Any CPU.ActiveCfg = Ad-Hoc|iPhone
		{2CA095E6-6047-4725-81E2-9A3D0D03B9B7}.Ad-Hoc|Any CPU.Build.0 = Ad-Hoc|iPhone
		{2CA095E6-6047-4725-81E2-9A3D0D03B9B7}.Ad-Hoc|Any CPU.Deploy.0 = Ad-Hoc|iPhone
		{2CA095E6-6047-4725-81E2-9A3D0D03B9B7}.Ad-Hoc|iPhone.ActiveCfg = Ad-Hoc|iPhone
		{2CA095E6-6047-4725-81E2-9A3D0D03B9B7}.Ad-Hoc|iPhone.Build.0 = Ad-Hoc|iPhone
		{2CA095E6-6047-4725-81E2-9A3D0D03B9B7}.Ad-Hoc|iPhone.Deploy.0 = Ad-Hoc|iPhone
		{2CA095E6-6047-4725-81E2-9A3D0D03B9B7}.Ad-Hoc|iPhoneSimulator.ActiveCfg = Ad-Hoc|iPhoneSimulator
		{2CA095E6-6047-4725-81E2-9A3D0D03B9B7}.Ad-Hoc|iPhoneSimulator.Build.0 = Ad-Hoc|iPhoneSimulator
		{2CA095E6-6047-4725-81E2-9A3D0D03B9B7}.Ad-Hoc|iPhoneSimulator.Deploy.0 = Ad-Hoc|iPhoneSimulator
		{2CA095E6-6047-4725-81E2-9A3D0D03B9B7}.AppStore|Any CPU.ActiveCfg = AppStore|iPhone
		{2CA095E6-6047-4725-81E2-9A3D0D03B9B7}.AppStore|Any CPU.Build.0 = AppStore|iPhone
		{2CA095E6-6047-4725-81E2-9A3D0D03B9B7}.AppStore|Any CPU.Deploy.0 = AppStore|iPhone
		{2CA095E6-6047-4725-81E2-9A3D0D03B9B7}.AppStore|iPhone.ActiveCfg = AppStore|iPhone
		{2CA095E6-6047-4725-81E2-9A3D0D03B9B7}.AppStore|iPhone.Build.0 = AppStore|iPhone
		{2CA095E6-6047-4725-81E2-9A3D0D03B9B7}.AppStore|iPhone.Deploy.0 = AppStore|iPhone
		{2CA095E6-6047-4725-81E2-9A3D0D03B9B7}.AppStore|iPhoneSimulator.ActiveCfg = AppStore|iPhoneSimulator
		{2CA095E6-6047-4725-81E2-9A3D0D03B9B7}.AppStore|iPhoneSimulator.Build.0 = AppStore|iPhoneSimulator
		{2CA095E6-6047-4725-81E2-9A3D0D03B9B7}.AppStore|iPhoneSimulator.Deploy.0 = AppStore|iPhoneSimulator
		{2CA095E6-6047-4725-81E2-9A3D0D03B9B7}.Debug|Any CPU.ActiveCfg = Debug|iPhoneSimulator
		{2CA095E6-6047-4725-81E2-9A3D0D03B9B7}.Debug|Any CPU.Build.0 = Debug|iPhoneSimulator
		{2CA095E6-6047-4725-81E2-9A3D0D03B9B7}.Debug|Any CPU.Deploy.0 = Debug|iPhoneSimulator
		{2CA095E6-6047-4725-81E2-9A3D0D03B9B7}.Debug|iPhone.ActiveCfg = Debug|iPhone
		{2CA095E6-6047-4725-81E2-9A3D0D03B9B7}.Debug|iPhone.Build.0 = Debug|iPhone
		{2CA095E6-6047-4725-81E2-9A3D0D03B9B7}.Debug|iPhone.Deploy.0 = Debug|iPhone
		{2CA095E6-6047-4725-81E2-9A3D0D03B9B7}.Debug|iPhoneSimulator.ActiveCfg = Debug|iPhoneSimulator
		{2CA095E6-6047-4725-81E2-9A3D0D03B9B7}.Debug|iPhoneSimulator.Build.0 = Debug|iPhoneSimulator
		{2CA095E6-6047-4725-81E2-9A3D0D03B9B7}.Debug|iPhoneSimulator.Deploy.0 = Debug|iPhoneSimulator
		{2CA095E6-6047-4725-81E2-9A3D0D03B9B7}.Release|Any CPU.ActiveCfg = Release|iPhone
		{2CA095E6-6047-4725-81E2-9A3D0D03B9B7}.Release|Any CPU.Build.0 = Release|iPhone
		{2CA095E6-6047-4725-81E2-9A3D0D03B9B7}.Release|Any CPU.Deploy.0 = Release|iPhone
		{2CA095E6-6047-4725-81E2-9A3D0D03B9B7}.Release|iPhone.ActiveCfg = Release|iPhone
		{2CA095E6-6047-4725-81E2-9A3D0D03B9B7}.Release|iPhone.Build.0 = Release|iPhone
		{2CA095E6-6047-4725-81E2-9A3D0D03B9B7}.Release|iPhone.Deploy.0 = Release|iPhone
		{2CA095E6-6047-4725-81E2-9A3D0D03B9B7}.Release|iPhoneSimulator.ActiveCfg = Release|iPhoneSimulator
		{2CA095E6-6047-4725-81E2-9A3D0D03B9B7}.Release|iPhoneSimulator.Build.0 = Release|iPhoneSimulator
		{2CA095E6-6047-4725-81E2-9A3D0D03B9B7}.Release|iPhoneSimulator.Deploy.0 = Release|iPhoneSimulator
		{79B2FCF7-5C60-4AE0-8CEB-9797AC014269}.Ad-Hoc|Any CPU.ActiveCfg = Debug|Any CPU
		{79B2FCF7-5C60-4AE0-8CEB-9797AC014269}.Ad-Hoc|Any CPU.Build.0 = Debug|Any CPU
		{79B2FCF7-5C60-4AE0-8CEB-9797AC014269}.Ad-Hoc|Any CPU.Deploy.0 = Debug|Any CPU
		{79B2FCF7-5C60-4AE0-8CEB-9797AC014269}.Ad-Hoc|iPhone.ActiveCfg = Debug|Any CPU
		{79B2FCF7-5C60-4AE0-8CEB-9797AC014269}.Ad-Hoc|iPhone.Build.0 = Debug|Any CPU
		{79B2FCF7-5C60-4AE0-8CEB-9797AC014269}.Ad-Hoc|iPhone.Deploy.0 = Debug|Any CPU
		{79B2FCF7-5C60-4AE0-8CEB-9797AC014269}.Ad-Hoc|iPhoneSimulator.ActiveCfg = Debug|Any CPU
		{79B2FCF7-5C60-4AE0-8CEB-9797AC014269}.Ad-Hoc|iPhoneSimulator.Build.0 = Debug|Any CPU
		{79B2FCF7-5C60-4AE0-8CEB-9797AC014269}.Ad-Hoc|iPhoneSimulator.Deploy.0 = Debug|Any CPU
		{79B2FCF7-5C60-4AE0-8CEB-9797AC014269}.AppStore|Any CPU.ActiveCfg = Debug|Any CPU
		{79B2FCF7-5C60-4AE0-8CEB-9797AC014269}.AppStore|Any CPU.Build.0 = Debug|Any CPU
		{79B2FCF7-5C60-4AE0-8CEB-9797AC014269}.AppStore|Any CPU.Deploy.0 = Debug|Any CPU
		{79B2FCF7-5C60-4AE0-8CEB-9797AC014269}.AppStore|iPhone.ActiveCfg = Debug|Any CPU
		{79B2FCF7-5C60-4AE0-8CEB-9797AC014269}.AppStore|iPhone.Build.0 = Debug|Any CPU
		{79B2FCF7-5C60-4AE0-8CEB-9797AC014269}.AppStore|iPhone.Deploy.0 = Debug|Any CPU
		{79B2FCF7-5C60-4AE0-8CEB-9797AC014269}.AppStore|iPhoneSimulator.ActiveCfg = Debug|Any CPU
		{79B2FCF7-5C60-4AE0-8CEB-9797AC014269}.AppStore|iPhoneSimulator.Build.0 = Debug|Any CPU
		{79B2FCF7-5C60-4AE0-8CEB-9797AC014269}.AppStore|iPhoneSimulator.Deploy.0 = Debug|Any CPU
		{79B2FCF7-5C60-4AE0-8CEB-9797AC014269}.Debug|Any CPU.ActiveCfg = Debug|Any CPU
		{79B2FCF7-5C60-4AE0-8CEB-9797AC014269}.Debug|Any CPU.Build.0 = Debug|Any CPU
		{79B2FCF7-5C60-4AE0-8CEB-9797AC014269}.Debug|Any CPU.Deploy.0 = Debug|Any CPU
		{79B2FCF7-5C60-4AE0-8CEB-9797AC014269}.Debug|iPhone.ActiveCfg = Debug|Any CPU
		{79B2FCF7-5C60-4AE0-8CEB-9797AC014269}.Debug|iPhone.Build.0 = Debug|Any CPU
		{79B2FCF7-5C60-4AE0-8CEB-9797AC014269}.Debug|iPhone.Deploy.0 = Debug|Any CPU
		{79B2FCF7-5C60-4AE0-8CEB-9797AC014269}.Debug|iPhoneSimulator.ActiveCfg = Debug|Any CPU
		{79B2FCF7-5C60-4AE0-8CEB-9797AC014269}.Debug|iPhoneSimulator.Build.0 = Debug|Any CPU
		{79B2FCF7-5C60-4AE0-8CEB-9797AC014269}.Debug|iPhoneSimulator.Deploy.0 = Debug|Any CPU
		{79B2FCF7-5C60-4AE0-8CEB-9797AC014269}.Release|Any CPU.ActiveCfg = Release|Any CPU
		{79B2FCF7-5C60-4AE0-8CEB-9797AC014269}.Release|Any CPU.Build.0 = Release|Any CPU
		{79B2FCF7-5C60-4AE0-8CEB-9797AC014269}.Release|Any CPU.Deploy.0 = Release|Any CPU
		{79B2FCF7-5C60-4AE0-8CEB-9797AC014269}.Release|iPhone.ActiveCfg = Release|Any CPU
		{79B2FCF7-5C60-4AE0-8CEB-9797AC014269}.Release|iPhone.Build.0 = Release|Any CPU
		{79B2FCF7-5C60-4AE0-8CEB-9797AC014269}.Release|iPhone.Deploy.0 = Release|Any CPU
		{79B2FCF7-5C60-4AE0-8CEB-9797AC014269}.Release|iPhoneSimulator.ActiveCfg = Release|Any CPU
		{79B2FCF7-5C60-4AE0-8CEB-9797AC014269}.Release|iPhoneSimulator.Build.0 = Release|Any CPU
		{79B2FCF7-5C60-4AE0-8CEB-9797AC014269}.Release|iPhoneSimulator.Deploy.0 = Release|Any CPU
	EndGlobalSection
	GlobalSection(SolutionProperties) = preSolution
		HideSolutionNode = FALSE
	EndGlobalSection
	GlobalSection(ExtensibilityGlobals) = postSolution
		SolutionGuid = {4DF3F793-412B-4946-B49B-558F47D0DEDF}
	EndGlobalSection
EndGlobal
